
Microsoft Visual Studio Solution File, Format Version 12.00
# Visual Studio 15
VisualStudioVersion = 15.0.28307.902
MinimumVisualStudioVersion = 10.0.40219.1
Project("{FAE04EC0-301F-11D3-BF4B-00C04F79EFBC}") = "LinQ", "LinQ\LinQ.csproj", "{AFFF8285-0F5A-496B-B9CA-E210C3C53BAE}"
EndProject
Global
	GlobalSection(SolutionConfigurationPlatforms) = preSolution
		Debug|Any CPU = Debug|Any CPU
		Release|Any CPU = Release|Any CPU
	EndGlobalSection
	GlobalSection(ProjectConfigurationPlatforms) = postSolution
		{AFFF8285-0F5A-496B-B9CA-E210C3C53BAE}.Debug|Any CPU.ActiveCfg = Debug|Any CPU
		{AFFF8285-0F5A-496B-B9CA-E210C3C53BAE}.Debug|Any CPU.Build.0 = Debug|Any CPU
		{AFFF8285-0F5A-496B-B9CA-E210C3C53BAE}.Release|Any CPU.ActiveCfg = Release|Any CPU
		{AFFF8285-0F5A-496B-B9CA-E210C3C53BAE}.Release|Any CPU.Build.0 = Release|Any CPU
	EndGlobalSection
	GlobalSection(SolutionProperties) = preSolution
		HideSolutionNode = FALSE
	EndGlobalSection
	GlobalSection(ExtensibilityGlobals) = postSolution
		SolutionGuid = {B6B88D1A-3541-4650-9D67-4DC98B42E245}
	EndGlobalSection
EndGlobal
